// !$*UTF8*$!
{
	archiveVersion = 1;
	classes = {
	};
	objectVersion = 46;
	objects = {

/* Begin PBXBuildFile section */
		77F9FE391ECF525300E92BF7 /* main.m in Sources */ = {isa = PBXBuildFile; fileRef = 77F9FE381ECF525300E92BF7 /* main.m */; };
		77F9FE3C1ECF525300E92BF7 /* AppDelegate.m in Sources */ = {isa = PBXBuildFile; fileRef = 77F9FE3B1ECF525300E92BF7 /* AppDelegate.m */; };
		77F9FE421ECF525300E92BF7 /* Main.storyboard in Resources */ = {isa = PBXBuildFile; fileRef = 77F9FE401ECF525300E92BF7 /* Main.storyboard */; };
		77F9FE441ECF525300E92BF7 /* Assets.xcassets in Resources */ = {isa = PBXBuildFile; fileRef = 77F9FE431ECF525300E92BF7 /* Assets.xcassets */; };
		77F9FE471ECF525300E92BF7 /* LaunchScreen.storyboard in Resources */ = {isa = PBXBuildFile; fileRef = 77F9FE451ECF525300E92BF7 /* LaunchScreen.storyboard */; };
		77F9FE521ECF525300E92BF7 /* SelfieTests.m in Sources */ = {isa = PBXBuildFile; fileRef = 77F9FE511ECF525300E92BF7 /* SelfieTests.m */; };
		77F9FE5E1ECF52B500E92BF7 /* YCameraViewController.m in Sources */ = {isa = PBXBuildFile; fileRef = 77F9FE5D1ECF52B500E92BF7 /* YCameraViewController.m */; };
		77F9FE621ECF6E3000E92BF7 /* CameraStickersView.m in Sources */ = {isa = PBXBuildFile; fileRef = 77F9FE611ECF6E3000E92BF7 /* CameraStickersView.m */; };
		77F9FE641ECF6E3D00E92BF7 /* CameraStickersView.xib in Resources */ = {isa = PBXBuildFile; fileRef = 77F9FE631ECF6E3D00E92BF7 /* CameraStickersView.xib */; };
		77F9FE681ECFA9D400E92BF7 /* StickerCell.m in Sources */ = {isa = PBXBuildFile; fileRef = 77F9FE661ECFA9D400E92BF7 /* StickerCell.m */; };
		77F9FE691ECFA9D400E92BF7 /* StickerCell.xib in Resources */ = {isa = PBXBuildFile; fileRef = 77F9FE671ECFA9D400E92BF7 /* StickerCell.xib */; };
/* End PBXBuildFile section */

/* Begin PBXContainerItemProxy section */
		77F9FE4E1ECF525300E92BF7 /* PBXContainerItemProxy */ = {
			isa = PBXContainerItemProxy;
			containerPortal = 77F9FE2C1ECF525300E92BF7 /* Project object */;
			proxyType = 1;
			remoteGlobalIDString = 77F9FE331ECF525300E92BF7;
			remoteInfo = Selfie;
		};
/* End PBXContainerItemProxy section */

/* Begin PBXFileReference section */
		77F9FE341ECF525300E92BF7 /* Selfie.app */ = {isa = PBXFileReference; explicitFileType = wrapper.application; includeInIndex = 0; path = Selfie.app; sourceTree = BUILT_PRODUCTS_DIR; };
		77F9FE381ECF525300E92BF7 /* main.m */ = {isa = PBXFileReference; lastKnownFileType = sourcecode.c.objc; path = main.m; sourceTree = "<group>"; };
		77F9FE3A1ECF525300E92BF7 /* AppDelegate.h */ = {isa = PBXFileReference; lastKnownFileType = sourcecode.c.h; path = AppDelegate.h; sourceTree = "<group>"; };
		77F9FE3B1ECF525300E92BF7 /* AppDelegate.m */ = {isa = PBXFileReference; lastKnownFileType = sourcecode.c.objc; path = AppDelegate.m; sourceTree = "<group>"; };
		77F9FE411ECF525300E92BF7 /* Base */ = {isa = PBXFileReference; lastKnownFileType = file.storyboard; name = Base; path = Base.lproj/Main.storyboard; sourceTree = "<group>"; };
		77F9FE431ECF525300E92BF7 /* Assets.xcassets */ = {isa = PBXFileReference; lastKnownFileType = folder.assetcatalog; path = Assets.xcassets; sourceTree = "<group>"; };
		77F9FE461ECF525300E92BF7 /* Base */ = {isa = PBXFileReference; lastKnownFileType = file.storyboard; name = Base; path = Base.lproj/LaunchScreen.storyboard; sourceTree = "<group>"; };
		77F9FE481ECF525300E92BF7 /* Info.plist */ = {isa = PBXFileReference; lastKnownFileType = text.plist.xml; path = Info.plist; sourceTree = "<group>"; };
		77F9FE4D1ECF525300E92BF7 /* SelfieTests.xctest */ = {isa = PBXFileReference; explicitFileType = wrapper.cfbundle; includeInIndex = 0; path = SelfieTests.xctest; sourceTree = BUILT_PRODUCTS_DIR; };
		77F9FE511ECF525300E92BF7 /* SelfieTests.m */ = {isa = PBXFileReference; lastKnownFileType = sourcecode.c.objc; path = SelfieTests.m; sourceTree = "<group>"; };
		77F9FE531ECF525300E92BF7 /* Info.plist */ = {isa = PBXFileReference; lastKnownFileType = text.plist.xml; path = Info.plist; sourceTree = "<group>"; };
		77F9FE5C1ECF52B500E92BF7 /* YCameraViewController.h */ = {isa = PBXFileReference; fileEncoding = 4; lastKnownFileType = sourcecode.c.h; path = YCameraViewController.h; sourceTree = "<group>"; };
		77F9FE5D1ECF52B500E92BF7 /* YCameraViewController.m */ = {isa = PBXFileReference; fileEncoding = 4; lastKnownFileType = sourcecode.c.objc; path = YCameraViewController.m; sourceTree = "<group>"; };
		77F9FE601ECF6E3000E92BF7 /* CameraStickersView.h */ = {isa = PBXFileReference; fileEncoding = 4; lastKnownFileType = sourcecode.c.h; path = CameraStickersView.h; sourceTree = "<group>"; };
		77F9FE611ECF6E3000E92BF7 /* CameraStickersView.m */ = {isa = PBXFileReference; fileEncoding = 4; lastKnownFileType = sourcecode.c.objc; path = CameraStickersView.m; sourceTree = "<group>"; };
		77F9FE631ECF6E3D00E92BF7 /* CameraStickersView.xib */ = {isa = PBXFileReference; fileEncoding = 4; lastKnownFileType = file.xib; path = CameraStickersView.xib; sourceTree = "<group>"; };
		77F9FE651ECFA9D400E92BF7 /* StickerCell.h */ = {isa = PBXFileReference; fileEncoding = 4; lastKnownFileType = sourcecode.c.h; path = StickerCell.h; sourceTree = "<group>"; };
		77F9FE661ECFA9D400E92BF7 /* StickerCell.m */ = {isa = PBXFileReference; fileEncoding = 4; lastKnownFileType = sourcecode.c.objc; path = StickerCell.m; sourceTree = "<group>"; };
		77F9FE671ECFA9D400E92BF7 /* StickerCell.xib */ = {isa = PBXFileReference; fileEncoding = 4; lastKnownFileType = file.xib; path = StickerCell.xib; sourceTree = "<group>"; };
/* End PBXFileReference section */

/* Begin PBXFrameworksBuildPhase section */
		77F9FE311ECF525300E92BF7 /* Frameworks */ = {
			isa = PBXFrameworksBuildPhase;
			buildActionMask = 2147483647;
			files = (
			);
			runOnlyForDeploymentPostprocessing = 0;
		};
		77F9FE4A1ECF525300E92BF7 /* Frameworks */ = {
			isa = PBXFrameworksBuildPhase;
			buildActionMask = 2147483647;
			files = (
			);
			runOnlyForDeploymentPostprocessing = 0;
		};
/* End PBXFrameworksBuildPhase section */

/* Begin PBXGroup section */
		77F9FE2B1ECF525300E92BF7 = {
			isa = PBXGroup;
			children = (
				77F9FE361ECF525300E92BF7 /* Selfie */,
				77F9FE501ECF525300E92BF7 /* SelfieTests */,
				77F9FE351ECF525300E92BF7 /* Products */,
			);
			sourceTree = "<group>";
		};
		77F9FE351ECF525300E92BF7 /* Products */ = {
			isa = PBXGroup;
			children = (
				77F9FE341ECF525300E92BF7 /* Selfie.app */,
				77F9FE4D1ECF525300E92BF7 /* SelfieTests.xctest */,
			);
			name = Products;
			sourceTree = "<group>";
		};
		77F9FE361ECF525300E92BF7 /* Selfie */ = {
			isa = PBXGroup;
			children = (
				77F9FE3A1ECF525300E92BF7 /* AppDelegate.h */,
				77F9FE3B1ECF525300E92BF7 /* AppDelegate.m */,
				77F9FE5F1ECF535000E92BF7 /* Camera */,
				77F9FE401ECF525300E92BF7 /* Main.storyboard */,
				77F9FE431ECF525300E92BF7 /* Assets.xcassets */,
				77F9FE451ECF525300E92BF7 /* LaunchScreen.storyboard */,
				77F9FE481ECF525300E92BF7 /* Info.plist */,
				77F9FE371ECF525300E92BF7 /* Supporting Files */,
			);
			path = Selfie;
			sourceTree = "<group>";
		};
		77F9FE371ECF525300E92BF7 /* Supporting Files */ = {
			isa = PBXGroup;
			children = (
				77F9FE381ECF525300E92BF7 /* main.m */,
			);
			name = "Supporting Files";
			sourceTree = "<group>";
		};
		77F9FE501ECF525300E92BF7 /* SelfieTests */ = {
			isa = PBXGroup;
			children = (
				77F9FE511ECF525300E92BF7 /* SelfieTests.m */,
				77F9FE531ECF525300E92BF7 /* Info.plist */,
			);
			path = SelfieTests;
			sourceTree = "<group>";
		};
		77F9FE5F1ECF535000E92BF7 /* Camera */ = {
			isa = PBXGroup;
			children = (
				77F9FE5C1ECF52B500E92BF7 /* YCameraViewController.h */,
				77F9FE5D1ECF52B500E92BF7 /* YCameraViewController.m */,
				77F9FE601ECF6E3000E92BF7 /* CameraStickersView.h */,
				77F9FE611ECF6E3000E92BF7 /* CameraStickersView.m */,
				77F9FE631ECF6E3D00E92BF7 /* CameraStickersView.xib */,
				77F9FE651ECFA9D400E92BF7 /* StickerCell.h */,
				77F9FE661ECFA9D400E92BF7 /* StickerCell.m */,
				77F9FE671ECFA9D400E92BF7 /* StickerCell.xib */,
			);
			name = Camera;
			sourceTree = "<group>";
		};
/* End PBXGroup section */

/* Begin PBXNativeTarget section */
		77F9FE331ECF525300E92BF7 /* Selfie */ = {
			isa = PBXNativeTarget;
			buildConfigurationList = 77F9FE561ECF525300E92BF7 /* Build configuration list for PBXNativeTarget "Selfie" */;
			buildPhases = (
				77F9FE301ECF525300E92BF7 /* Sources */,
				77F9FE311ECF525300E92BF7 /* Frameworks */,
				77F9FE321ECF525300E92BF7 /* Resources */,
			);
			buildRules = (
			);
			dependencies = (
			);
			name = Selfie;
			productName = Selfie;
			productReference = 77F9FE341ECF525300E92BF7 /* Selfie.app */;
			productType = "com.apple.product-type.application";
		};
		77F9FE4C1ECF525300E92BF7 /* SelfieTests */ = {
			isa = PBXNativeTarget;
			buildConfigurationList = 77F9FE591ECF525300E92BF7 /* Build configuration list for PBXNativeTarget "SelfieTests" */;
			buildPhases = (
				77F9FE491ECF525300E92BF7 /* Sources */,
				77F9FE4A1ECF525300E92BF7 /* Frameworks */,
				77F9FE4B1ECF525300E92BF7 /* Resources */,
			);
			buildRules = (
			);
			dependencies = (
				77F9FE4F1ECF525300E92BF7 /* PBXTargetDependency */,
			);
			name = SelfieTests;
			productName = SelfieTests;
			productReference = 77F9FE4D1ECF525300E92BF7 /* SelfieTests.xctest */;
			productType = "com.apple.product-type.bundle.unit-test";
		};
/* End PBXNativeTarget section */

/* Begin PBXProject section */
		77F9FE2C1ECF525300E92BF7 /* Project object */ = {
			isa = PBXProject;
			attributes = {
				LastUpgradeCheck = 0730;
				ORGANIZATIONNAME = "Egzon Arifi";
				TargetAttributes = {
					77F9FE331ECF525300E92BF7 = {
						CreatedOnToolsVersion = 7.3.1;
					};
					77F9FE4C1ECF525300E92BF7 = {
						CreatedOnToolsVersion = 7.3.1;
						TestTargetID = 77F9FE331ECF525300E92BF7;
					};
				};
			};
			buildConfigurationList = 77F9FE2F1ECF525300E92BF7 /* Build configuration list for PBXProject "Selfie" */;
			compatibilityVersion = "Xcode 3.2";
			developmentRegion = English;
			hasScannedForEncodings = 0;
			knownRegions = (
				en,
				Base,
			);
			mainGroup = 77F9FE2B1ECF525300E92BF7;
			productRefGroup = 77F9FE351ECF525300E92BF7 /* Products */;
			projectDirPath = "";
			projectRoot = "";
			targets = (
				77F9FE331ECF525300E92BF7 /* Selfie */,
				77F9FE4C1ECF525300E92BF7 /* SelfieTests */,
			);
		};
/* End PBXProject section */

/* Begin PBXResourcesBuildPhase section */
		77F9FE321ECF525300E92BF7 /* Resources */ = {
			isa = PBXResourcesBuildPhase;
			buildActionMask = 2147483647;
			files = (
				77F9FE471ECF525300E92BF7 /* LaunchScreen.storyboard in Resources */,
				77F9FE691ECFA9D400E92BF7 /* StickerCell.xib in Resources */,
				77F9FE441ECF525300E92BF7 /* Assets.xcassets in Resources */,
				77F9FE421ECF525300E92BF7 /* Main.storyboard in Resources */,
				77F9FE641ECF6E3D00E92BF7 /* CameraStickersView.xib in Resources */,
			);
			runOnlyForDeploymentPostprocessing = 0;
		};
		77F9FE4B1ECF525300E92BF7 /* Resources */ = {
			isa = PBXResourcesBuildPhase;
			buildActionMask = 2147483647;
			files = (
			);
			runOnlyForDeploymentPostprocessing = 0;
		};
/* End PBXResourcesBuildPhase section */

/* Begin PBXSourcesBuildPhase section */
		77F9FE301ECF525300E92BF7 /* Sources */ = {
			isa = PBXSourcesBuildPhase;
			buildActionMask = 2147483647;
			files = (
				77F9FE3C1ECF525300E92BF7 /* AppDelegate.m in Sources */,
				77F9FE5E1ECF52B500E92BF7 /* YCameraViewController.m in Sources */,
				77F9FE681ECFA9D400E92BF7 /* StickerCell.m in Sources */,
				77F9FE391ECF525300E92BF7 /* main.m in Sources */,
				77F9FE621ECF6E3000E92BF7 /* CameraStickersView.m in Sources */,
			);
			runOnlyForDeploymentPostprocessing = 0;
		};
		77F9FE491ECF525300E92BF7 /* Sources */ = {
			isa = PBXSourcesBuildPhase;
			buildActionMask = 2147483647;
			files = (
				77F9FE521ECF525300E92BF7 /* SelfieTests.m in Sources */,
			);
			runOnlyForDeploymentPostprocessing = 0;
		};
/* End PBXSourcesBuildPhase section */

/* Begin PBXTargetDependency section */
		77F9FE4F1ECF525300E92BF7 /* PBXTargetDependency */ = {
			isa = PBXTargetDependency;
			target = 77F9FE331ECF525300E92BF7 /* Selfie */;
			targetProxy = 77F9FE4E1ECF525300E92BF7 /* PBXContainerItemProxy */;
		};
/* End PBXTargetDependency section */

/* Begin PBXVariantGroup section */
		77F9FE401ECF525300E92BF7 /* Main.storyboard */ = {
			isa = PBXVariantGroup;
			children = (
				77F9FE411ECF525300E92BF7 /* Base */,
			);
			name = Main.storyboard;
			sourceTree = "<group>";
		};
		77F9FE451ECF525300E92BF7 /* LaunchScreen.storyboard */ = {
			isa = PBXVariantGroup;
			children = (
				77F9FE461ECF525300E92BF7 /* Base */,
			);
			name = LaunchScreen.storyboard;
			sourceTree = "<group>";
		};
/* End PBXVariantGroup section */

/* Begin XCBuildConfiguration section */
		77F9FE541ECF525300E92BF7 /* Debug */ = {
			isa = XCBuildConfiguration;
			buildSettings = {
				ALWAYS_SEARCH_USER_PATHS = NO;
				CLANG_ANALYZER_NONNULL = YES;
				CLANG_CXX_LANGUAGE_STANDARD = "gnu++0x";
				CLANG_CXX_LIBRARY = "libc++";
				CLANG_ENABLE_MODULES = YES;
				CLANG_ENABLE_OBJC_ARC = YES;
				CLANG_WARN_BOOL_CONVERSION = YES;
				CLANG_WARN_CONSTANT_CONVERSION = YES;
				CLANG_WARN_DIRECT_OBJC_ISA_USAGE = YES_ERROR;
				CLANG_WARN_EMPTY_BODY = YES;
				CLANG_WARN_ENUM_CONVERSION = YES;
				CLANG_WARN_INT_CONVERSION = YES;
				CLANG_WARN_OBJC_ROOT_CLASS = YES_ERROR;
				CLANG_WARN_UNREACHABLE_CODE = YES;
				CLANG_WARN__DUPLICATE_METHOD_MATCH = YES;
				"CODE_SIGN_IDENTITY[sdk=iphoneos*]" = "iPhone Developer";
				COPY_PHASE_STRIP = NO;
				DEBUG_INFORMATION_FORMAT = dwarf;
				ENABLE_STRICT_OBJC_MSGSEND = YES;
				ENABLE_TESTABILITY = YES;
				GCC_C_LANGUAGE_STANDARD = gnu99;
				GCC_DYNAMIC_NO_PIC = NO;
				GCC_NO_COMMON_BLOCKS = YES;
				GCC_OPTIMIZATION_LEVEL = 0;
				GCC_PREPROCESSOR_DEFINITIONS = (
					"DEBUG=1",
					"$(inherited)",
				);
				GCC_WARN_64_TO_32_BIT_CONVERSION = YES;
				GCC_WARN_ABOUT_RETURN_TYPE = YES_ERROR;
				GCC_WARN_UNDECLARED_SELECTOR = YES;
				GCC_WARN_UNINITIALIZED_AUTOS = YES_AGGRESSIVE;
				GCC_WARN_UNUSED_FUNCTION = YES;
				GCC_WARN_UNUSED_VARIABLE = YES;
				IPHONEOS_DEPLOYMENT_TARGET = 8.0;
				MTL_ENABLE_DEBUG_INFO = YES;
				ONLY_ACTIVE_ARCH = YES;
				SDKROOT = iphoneos;
			};
			name = Debug;
		};
		77F9FE551ECF525300E92BF7 /* Release */ = {
			isa = XCBuildConfiguration;
			buildSettings = {
				ALWAYS_SEARCH_USER_PATHS = NO;
				CLANG_ANALYZER_NONNULL = YES;
				CLANG_CXX_LANGUAGE_STANDARD = "gnu++0x";
				CLANG_CXX_LIBRARY = "libc++";
				CLANG_ENABLE_MODULES = YES;
				CLANG_ENABLE_OBJC_ARC = YES;
				CLANG_WARN_BOOL_CONVERSION = YES;
				CLANG_WARN_CONSTANT_CONVERSION = YES;
				CLANG_WARN_DIRECT_OBJC_ISA_USAGE = YES_ERROR;
				CLANG_WARN_EMPTY_BODY = YES;
				CLANG_WARN_ENUM_CONVERSION = YES;
				CLANG_WARN_INT_CONVERSION = YES;
				CLANG_WARN_OBJC_ROOT_CLASS = YES_ERROR;
				CLANG_WARN_UNREACHABLE_CODE = YES;
				CLANG_WARN__DUPLICATE_METHOD_MATCH = YES;
				"CODE_SIGN_IDENTITY[sdk=iphoneos*]" = "iPhone Developer";
				COPY_PHASE_STRIP = NO;
				DEBUG_INFORMATION_FORMAT = "dwarf-with-dsym";
				ENABLE_NS_ASSERTIONS = NO;
				ENABLE_STRICT_OBJC_MSGSEND = YES;
				GCC_C_LANGUAGE_STANDARD = gnu99;
				GCC_NO_COMMON_BLOCKS = YES;
				GCC_WARN_64_TO_32_BIT_CONVERSION = YES;
				GCC_WARN_ABOUT_RETURN_TYPE = YES_ERROR;
				GCC_WARN_UNDECLARED_SELECTOR = YES;
				GCC_WARN_UNINITIALIZED_AUTOS = YES_AGGRESSIVE;
				GCC_WARN_UNUSED_FUNCTION = YES;
				GCC_WARN_UNUSED_VARIABLE = YES;
				IPHONEOS_DEPLOYMENT_TARGET = 8.0;
				MTL_ENABLE_DEBUG_INFO = NO;
				SDKROOT = iphoneos;
				VALIDATE_PRODUCT = YES;
			};
			name = Release;
		};
		77F9FE571ECF525300E92BF7 /* Debug */ = {
			isa = XCBuildConfiguration;
			buildSettings = {
				ASSETCATALOG_COMPILER_APPICON_NAME = AppIcon;
				INFOPLIST_FILE = Selfie/Info.plist;
				IPHONEOS_DEPLOYMENT_TARGET = 8.0;
				LD_RUNPATH_SEARCH_PATHS = "$(inherited) @executable_path/Frameworks";
				PRODUCT_BUNDLE_IDENTIFIER = com.egzonarifi.Selfie;
				PRODUCT_NAME = "$(TARGET_NAME)";
			};
			name = Debug;
		};
		77F9FE581ECF525300E92BF7 /* Release */ = {
			isa = XCBuildConfiguration;
			buildSettings = {
				ASSETCATALOG_COMPILER_APPICON_NAME = AppIcon;
				INFOPLIST_FILE = Selfie/Info.plist;
				IPHONEOS_DEPLOYMENT_TARGET = 8.0;
				LD_RUNPATH_SEARCH_PATHS = "$(inherited) @executable_path/Frameworks";
				PRODUCT_BUNDLE_IDENTIFIER = com.egzonarifi.Selfie;
				PRODUCT_NAME = "$(TARGET_NAME)";
			};
			name = Release;
		};
		77F9FE5A1ECF525300E92BF7 /* Debug */ = {
			isa = XCBuildConfiguration;
			buildSettings = {
				BUNDLE_LOADER = "$(TEST_HOST)";
				INFOPLIST_FILE = SelfieTests/Info.plist;
				LD_RUNPATH_SEARCH_PATHS = "$(inherited) @executable_path/Frameworks @loader_path/Frameworks";
				PRODUCT_BUNDLE_IDENTIFIER = com.egzonarifi.SelfieTests;
				PRODUCT_NAME = "$(TARGET_NAME)";
				TEST_HOST = "$(BUILT_PRODUCTS_DIR)/Selfie.app/Selfie";
			};
			name = Debug;
		};
		77F9FE5B1ECF525300E92BF7 /* Release */ = {
			isa = XCBuildConfiguration;
			buildSettings = {
				BUNDLE_LOADER = "$(TEST_HOST)";
				INFOPLIST_FILE = SelfieTests/Info.plist;
				LD_RUNPATH_SEARCH_PATHS = "$(inherited) @executable_path/Frameworks @loader_path/Frameworks";
				PRODUCT_BUNDLE_IDENTIFIER = com.egzonarifi.SelfieTests;
				PRODUCT_NAME = "$(TARGET_NAME)";
				TEST_HOST = "$(BUILT_PRODUCTS_DIR)/Selfie.app/Selfie";
			};
			name = Release;
		};
/* End XCBuildConfiguration section */

/* Begin XCConfigurationList section */
		77F9FE2F1ECF525300E92BF7 /* Build configuration list for PBXProject "Selfie" */ = {
			isa = XCConfigurationList;
			buildConfigurations = (
				77F9FE541ECF525300E92BF7 /* Debug */,
				77F9FE551ECF525300E92BF7 /* Release */,
			);
			defaultConfigurationIsVisible = 0;
			defaultConfigurationName = Release;
		};
		77F9FE561ECF525300E92BF7 /* Build configuration list for PBXNativeTarget "Selfie" */ = {
			isa = XCConfigurationList;
			buildConfigurations = (
				77F9FE571ECF525300E92BF7 /* Debug */,
				77F9FE581ECF525300E92BF7 /* Release */,
			);
			defaultConfigurationIsVisible = 0;
		};
		77F9FE591ECF525300E92BF7 /* Build configuration list for PBXNativeTarget "SelfieTests" */ = {
			isa = XCConfigurationList;
			buildConfigurations = (
				77F9FE5A1ECF525300E92BF7 /* Debug */,
				77F9FE5B1ECF525300E92BF7 /* Release */,
			);
			defaultConfigurationIsVisible = 0;
		};
/* End XCConfigurationList section */
	};
	rootObject = 77F9FE2C1ECF525300E92BF7 /* Project object */;
}
