// !$*UTF8*$!
{
	archiveVersion = 1;
	classes = {
	};
	objectVersion = 46;
	objects = {

/* Begin PBXBuildFile section */
		5C2D309276B8FDBF75284E6B /* libPods-SelfieTests.a in Frameworks */ = {isa = PBXBuildFile; fileRef = 6E990B5514CE0DE2D904ED01 /* libPods-SelfieTests.a */; };
		7730C0B01ED1CB1900EDC04B /* CandidateModel.m in Sources */ = {isa = PBXBuildFile; fileRef = 7730C0AF1ED1CB1900EDC04B /* CandidateModel.m */; };
		7730C0B41ED1D2B100EDC04B /* JsonLoader.m in Sources */ = {isa = PBXBuildFile; fileRef = 7730C0B31ED1D2B100EDC04B /* JsonLoader.m */; };
		7730C0B61ED1D4E000EDC04B /* candidates.json in Resources */ = {isa = PBXBuildFile; fileRef = 7730C0B51ED1D4E000EDC04B /* candidates.json */; };
		7730C0BA1ED1DD8E00EDC04B /* SearchController.m in Sources */ = {isa = PBXBuildFile; fileRef = 7730C0B91ED1DD8E00EDC04B /* SearchController.m */; };
		7730C0BE1ED205E400EDC04B /* CandidateCell.m in Sources */ = {isa = PBXBuildFile; fileRef = 7730C0BC1ED205E400EDC04B /* CandidateCell.m */; };
		7730C0BF1ED205E400EDC04B /* CandidateCell.xib in Resources */ = {isa = PBXBuildFile; fileRef = 7730C0BD1ED205E400EDC04B /* CandidateCell.xib */; };
		7774BEEB1ED6008800C3101F /* StickersCollectionController.m in Sources */ = {isa = PBXBuildFile; fileRef = 7774BEEA1ED6008800C3101F /* StickersCollectionController.m */; };
		7774BEEE1ED6011100C3101F /* StickerCollectionViewCell.m in Sources */ = {isa = PBXBuildFile; fileRef = 7774BEED1ED6011100C3101F /* StickerCollectionViewCell.m */; };
		7774BEF21ED608BC00C3101F /* CameraCollectionStickers.m in Sources */ = {isa = PBXBuildFile; fileRef = 7774BEF11ED608BC00C3101F /* CameraCollectionStickers.m */; };
		7774BEF41ED608CE00C3101F /* CameraCollectionStickers.xib in Resources */ = {isa = PBXBuildFile; fileRef = 7774BEF31ED608CE00C3101F /* CameraCollectionStickers.xib */; };
		7774BEF81ED60A2800C3101F /* CameraCollectionStikcerCell.m in Sources */ = {isa = PBXBuildFile; fileRef = 7774BEF61ED60A2800C3101F /* CameraCollectionStikcerCell.m */; };
		7774BEF91ED60A2800C3101F /* CameraCollectionStikcerCell.xib in Resources */ = {isa = PBXBuildFile; fileRef = 7774BEF71ED60A2800C3101F /* CameraCollectionStikcerCell.xib */; };
		77F9FE391ECF525300E92BF7 /* main.m in Sources */ = {isa = PBXBuildFile; fileRef = 77F9FE381ECF525300E92BF7 /* main.m */; };
		77F9FE3C1ECF525300E92BF7 /* AppDelegate.m in Sources */ = {isa = PBXBuildFile; fileRef = 77F9FE3B1ECF525300E92BF7 /* AppDelegate.m */; };
		77F9FE421ECF525300E92BF7 /* Main.storyboard in Resources */ = {isa = PBXBuildFile; fileRef = 77F9FE401ECF525300E92BF7 /* Main.storyboard */; };
		77F9FE441ECF525300E92BF7 /* Assets.xcassets in Resources */ = {isa = PBXBuildFile; fileRef = 77F9FE431ECF525300E92BF7 /* Assets.xcassets */; };
		77F9FE471ECF525300E92BF7 /* LaunchScreen.storyboard in Resources */ = {isa = PBXBuildFile; fileRef = 77F9FE451ECF525300E92BF7 /* LaunchScreen.storyboard */; };
		77F9FE521ECF525300E92BF7 /* SelfieTests.m in Sources */ = {isa = PBXBuildFile; fileRef = 77F9FE511ECF525300E92BF7 /* SelfieTests.m */; };
		77F9FE5E1ECF52B500E92BF7 /* YCameraViewController.m in Sources */ = {isa = PBXBuildFile; fileRef = 77F9FE5D1ECF52B500E92BF7 /* YCameraViewController.m */; };
		77F9FE621ECF6E3000E92BF7 /* CameraStickersView.m in Sources */ = {isa = PBXBuildFile; fileRef = 77F9FE611ECF6E3000E92BF7 /* CameraStickersView.m */; };
		77F9FE641ECF6E3D00E92BF7 /* CameraStickersView.xib in Resources */ = {isa = PBXBuildFile; fileRef = 77F9FE631ECF6E3D00E92BF7 /* CameraStickersView.xib */; };
		77F9FE681ECFA9D400E92BF7 /* StickerCell.m in Sources */ = {isa = PBXBuildFile; fileRef = 77F9FE661ECFA9D400E92BF7 /* StickerCell.m */; };
		77F9FE691ECFA9D400E92BF7 /* StickerCell.xib in Resources */ = {isa = PBXBuildFile; fileRef = 77F9FE671ECFA9D400E92BF7 /* StickerCell.xib */; };
		77F9FE6C1ED0530300E92BF7 /* EAAlertView.m in Sources */ = {isa = PBXBuildFile; fileRef = 77F9FE6B1ED0530300E92BF7 /* EAAlertView.m */; };
		77F9FE711ED05D8400E92BF7 /* HomeController.m in Sources */ = {isa = PBXBuildFile; fileRef = 77F9FE701ED05D8400E92BF7 /* HomeController.m */; };
		77F9FE8A1ED19B7600E92BF7 /* SliderCell.m in Sources */ = {isa = PBXBuildFile; fileRef = 77F9FE881ED19B7600E92BF7 /* SliderCell.m */; };
		77F9FE8B1ED19B7600E92BF7 /* SliderCell.xib in Resources */ = {isa = PBXBuildFile; fileRef = 77F9FE891ED19B7600E92BF7 /* SliderCell.xib */; };
		963984D85D19C3D5619C3FEC /* libPods-Selfie me LDKTests.a in Frameworks */ = {isa = PBXBuildFile; fileRef = 2E8E6751105E0AF30A2B5A95 /* libPods-Selfie me LDKTests.a */; };
		C00050FB31EE7DE8B2E337DD /* libPods-Selfie me LDK.a in Frameworks */ = {isa = PBXBuildFile; fileRef = 174C5896384D7EC9F579830C /* libPods-Selfie me LDK.a */; };
/* End PBXBuildFile section */

/* Begin PBXContainerItemProxy section */
		77F9FE4E1ECF525300E92BF7 /* PBXContainerItemProxy */ = {
			isa = PBXContainerItemProxy;
			containerPortal = 77F9FE2C1ECF525300E92BF7 /* Project object */;
			proxyType = 1;
			remoteGlobalIDString = 77F9FE331ECF525300E92BF7;
			remoteInfo = Selfie;
		};
/* End PBXContainerItemProxy section */

/* Begin PBXFileReference section */
		174C5896384D7EC9F579830C /* libPods-Selfie me LDK.a */ = {isa = PBXFileReference; explicitFileType = archive.ar; includeInIndex = 0; path = "libPods-Selfie me LDK.a"; sourceTree = BUILT_PRODUCTS_DIR; };
		27729A85058572A2532FCACA /* Pods-Selfie me LDKTests.debug.xcconfig */ = {isa = PBXFileReference; includeInIndex = 1; lastKnownFileType = text.xcconfig; name = "Pods-Selfie me LDKTests.debug.xcconfig"; path = "Pods/Target Support Files/Pods-Selfie me LDKTests/Pods-Selfie me LDKTests.debug.xcconfig"; sourceTree = "<group>"; };
		2E8E6751105E0AF30A2B5A95 /* libPods-Selfie me LDKTests.a */ = {isa = PBXFileReference; explicitFileType = archive.ar; includeInIndex = 0; path = "libPods-Selfie me LDKTests.a"; sourceTree = BUILT_PRODUCTS_DIR; };
		3C3B462E4891DB33D1D72190 /* libPods-Selfie.a */ = {isa = PBXFileReference; explicitFileType = archive.ar; includeInIndex = 0; path = "libPods-Selfie.a"; sourceTree = BUILT_PRODUCTS_DIR; };
		4C9BBFEB4BFBA67A0377D0F1 /* Pods-SelfieTests.release.xcconfig */ = {isa = PBXFileReference; includeInIndex = 1; lastKnownFileType = text.xcconfig; name = "Pods-SelfieTests.release.xcconfig"; path = "Pods/Target Support Files/Pods-SelfieTests/Pods-SelfieTests.release.xcconfig"; sourceTree = "<group>"; };
		55A78F948F340F09239E5E7E /* Pods-Selfie me LDK.release.xcconfig */ = {isa = PBXFileReference; includeInIndex = 1; lastKnownFileType = text.xcconfig; name = "Pods-Selfie me LDK.release.xcconfig"; path = "Pods/Target Support Files/Pods-Selfie me LDK/Pods-Selfie me LDK.release.xcconfig"; sourceTree = "<group>"; };
		671E45BC988311D0F61314F2 /* Pods-Selfie.debug.xcconfig */ = {isa = PBXFileReference; includeInIndex = 1; lastKnownFileType = text.xcconfig; name = "Pods-Selfie.debug.xcconfig"; path = "Pods/Target Support Files/Pods-Selfie/Pods-Selfie.debug.xcconfig"; sourceTree = "<group>"; };
		6DB7E85CC302D6F98FDC1BEC /* Pods-Selfie me LDKTests.release.xcconfig */ = {isa = PBXFileReference; includeInIndex = 1; lastKnownFileType = text.xcconfig; name = "Pods-Selfie me LDKTests.release.xcconfig"; path = "Pods/Target Support Files/Pods-Selfie me LDKTests/Pods-Selfie me LDKTests.release.xcconfig"; sourceTree = "<group>"; };
		6E990B5514CE0DE2D904ED01 /* libPods-SelfieTests.a */ = {isa = PBXFileReference; explicitFileType = archive.ar; includeInIndex = 0; path = "libPods-SelfieTests.a"; sourceTree = BUILT_PRODUCTS_DIR; };
		7730C0AE1ED1CB1900EDC04B /* CandidateModel.h */ = {isa = PBXFileReference; fileEncoding = 4; lastKnownFileType = sourcecode.c.h; path = CandidateModel.h; sourceTree = "<group>"; };
		7730C0AF1ED1CB1900EDC04B /* CandidateModel.m */ = {isa = PBXFileReference; fileEncoding = 4; lastKnownFileType = sourcecode.c.objc; path = CandidateModel.m; sourceTree = "<group>"; };
		7730C0B21ED1D2B100EDC04B /* JsonLoader.h */ = {isa = PBXFileReference; fileEncoding = 4; lastKnownFileType = sourcecode.c.h; path = JsonLoader.h; sourceTree = "<group>"; };
		7730C0B31ED1D2B100EDC04B /* JsonLoader.m */ = {isa = PBXFileReference; fileEncoding = 4; lastKnownFileType = sourcecode.c.objc; path = JsonLoader.m; sourceTree = "<group>"; };
		7730C0B51ED1D4E000EDC04B /* candidates.json */ = {isa = PBXFileReference; fileEncoding = 4; lastKnownFileType = text.json; path = candidates.json; sourceTree = "<group>"; };
		7730C0B81ED1DD8E00EDC04B /* SearchController.h */ = {isa = PBXFileReference; fileEncoding = 4; lastKnownFileType = sourcecode.c.h; path = SearchController.h; sourceTree = "<group>"; };
		7730C0B91ED1DD8E00EDC04B /* SearchController.m */ = {isa = PBXFileReference; fileEncoding = 4; lastKnownFileType = sourcecode.c.objc; path = SearchController.m; sourceTree = "<group>"; };
		7730C0BB1ED205E400EDC04B /* CandidateCell.h */ = {isa = PBXFileReference; fileEncoding = 4; lastKnownFileType = sourcecode.c.h; path = CandidateCell.h; sourceTree = "<group>"; };
		7730C0BC1ED205E400EDC04B /* CandidateCell.m */ = {isa = PBXFileReference; fileEncoding = 4; lastKnownFileType = sourcecode.c.objc; path = CandidateCell.m; sourceTree = "<group>"; };
		7730C0BD1ED205E400EDC04B /* CandidateCell.xib */ = {isa = PBXFileReference; fileEncoding = 4; lastKnownFileType = file.xib; path = CandidateCell.xib; sourceTree = "<group>"; };
		7774BEE91ED6008800C3101F /* StickersCollectionController.h */ = {isa = PBXFileReference; fileEncoding = 4; lastKnownFileType = sourcecode.c.h; path = StickersCollectionController.h; sourceTree = "<group>"; };
		7774BEEA1ED6008800C3101F /* StickersCollectionController.m */ = {isa = PBXFileReference; fileEncoding = 4; lastKnownFileType = sourcecode.c.objc; path = StickersCollectionController.m; sourceTree = "<group>"; };
		7774BEEC1ED6011100C3101F /* StickerCollectionViewCell.h */ = {isa = PBXFileReference; fileEncoding = 4; lastKnownFileType = sourcecode.c.h; path = StickerCollectionViewCell.h; sourceTree = "<group>"; };
		7774BEED1ED6011100C3101F /* StickerCollectionViewCell.m */ = {isa = PBXFileReference; fileEncoding = 4; lastKnownFileType = sourcecode.c.objc; path = StickerCollectionViewCell.m; sourceTree = "<group>"; };
		7774BEF01ED608BC00C3101F /* CameraCollectionStickers.h */ = {isa = PBXFileReference; fileEncoding = 4; lastKnownFileType = sourcecode.c.h; path = CameraCollectionStickers.h; sourceTree = "<group>"; };
		7774BEF11ED608BC00C3101F /* CameraCollectionStickers.m */ = {isa = PBXFileReference; fileEncoding = 4; lastKnownFileType = sourcecode.c.objc; path = CameraCollectionStickers.m; sourceTree = "<group>"; };
		7774BEF31ED608CE00C3101F /* CameraCollectionStickers.xib */ = {isa = PBXFileReference; fileEncoding = 4; lastKnownFileType = file.xib; path = CameraCollectionStickers.xib; sourceTree = "<group>"; };
		7774BEF51ED60A2800C3101F /* CameraCollectionStikcerCell.h */ = {isa = PBXFileReference; fileEncoding = 4; lastKnownFileType = sourcecode.c.h; path = CameraCollectionStikcerCell.h; sourceTree = "<group>"; };
		7774BEF61ED60A2800C3101F /* CameraCollectionStikcerCell.m */ = {isa = PBXFileReference; fileEncoding = 4; lastKnownFileType = sourcecode.c.objc; path = CameraCollectionStikcerCell.m; sourceTree = "<group>"; };
		7774BEF71ED60A2800C3101F /* CameraCollectionStikcerCell.xib */ = {isa = PBXFileReference; fileEncoding = 4; lastKnownFileType = file.xib; path = CameraCollectionStikcerCell.xib; sourceTree = "<group>"; };
		77F9FE341ECF525300E92BF7 /* Selfie me Hotin.app */ = {isa = PBXFileReference; explicitFileType = wrapper.application; includeInIndex = 0; path = "Selfie me Hotin.app"; sourceTree = BUILT_PRODUCTS_DIR; };
		77F9FE381ECF525300E92BF7 /* main.m */ = {isa = PBXFileReference; lastKnownFileType = sourcecode.c.objc; path = main.m; sourceTree = "<group>"; };
		77F9FE3A1ECF525300E92BF7 /* AppDelegate.h */ = {isa = PBXFileReference; lastKnownFileType = sourcecode.c.h; path = AppDelegate.h; sourceTree = "<group>"; };
		77F9FE3B1ECF525300E92BF7 /* AppDelegate.m */ = {isa = PBXFileReference; lastKnownFileType = sourcecode.c.objc; path = AppDelegate.m; sourceTree = "<group>"; };
		77F9FE411ECF525300E92BF7 /* Base */ = {isa = PBXFileReference; lastKnownFileType = file.storyboard; name = Base; path = Base.lproj/Main.storyboard; sourceTree = "<group>"; };
		77F9FE431ECF525300E92BF7 /* Assets.xcassets */ = {isa = PBXFileReference; lastKnownFileType = folder.assetcatalog; path = Assets.xcassets; sourceTree = "<group>"; };
		77F9FE461ECF525300E92BF7 /* Base */ = {isa = PBXFileReference; lastKnownFileType = file.storyboard; name = Base; path = Base.lproj/LaunchScreen.storyboard; sourceTree = "<group>"; };
		77F9FE481ECF525300E92BF7 /* Info.plist */ = {isa = PBXFileReference; lastKnownFileType = text.plist.xml; path = Info.plist; sourceTree = "<group>"; };
		77F9FE4D1ECF525300E92BF7 /* Selfie me Hotin.xctest */ = {isa = PBXFileReference; explicitFileType = wrapper.cfbundle; includeInIndex = 0; path = "Selfie me Hotin.xctest"; sourceTree = BUILT_PRODUCTS_DIR; };
		77F9FE511ECF525300E92BF7 /* SelfieTests.m */ = {isa = PBXFileReference; lastKnownFileType = sourcecode.c.objc; path = SelfieTests.m; sourceTree = "<group>"; };
		77F9FE531ECF525300E92BF7 /* Info.plist */ = {isa = PBXFileReference; lastKnownFileType = text.plist.xml; path = Info.plist; sourceTree = "<group>"; };
		77F9FE5C1ECF52B500E92BF7 /* YCameraViewController.h */ = {isa = PBXFileReference; fileEncoding = 4; lastKnownFileType = sourcecode.c.h; path = YCameraViewController.h; sourceTree = "<group>"; };
		77F9FE5D1ECF52B500E92BF7 /* YCameraViewController.m */ = {isa = PBXFileReference; fileEncoding = 4; lastKnownFileType = sourcecode.c.objc; path = YCameraViewController.m; sourceTree = "<group>"; };
		77F9FE601ECF6E3000E92BF7 /* CameraStickersView.h */ = {isa = PBXFileReference; fileEncoding = 4; lastKnownFileType = sourcecode.c.h; path = CameraStickersView.h; sourceTree = "<group>"; };
		77F9FE611ECF6E3000E92BF7 /* CameraStickersView.m */ = {isa = PBXFileReference; fileEncoding = 4; lastKnownFileType = sourcecode.c.objc; path = CameraStickersView.m; sourceTree = "<group>"; };
		77F9FE631ECF6E3D00E92BF7 /* CameraStickersView.xib */ = {isa = PBXFileReference; fileEncoding = 4; lastKnownFileType = file.xib; path = CameraStickersView.xib; sourceTree = "<group>"; };
		77F9FE651ECFA9D400E92BF7 /* StickerCell.h */ = {isa = PBXFileReference; fileEncoding = 4; lastKnownFileType = sourcecode.c.h; path = StickerCell.h; sourceTree = "<group>"; };
		77F9FE661ECFA9D400E92BF7 /* StickerCell.m */ = {isa = PBXFileReference; fileEncoding = 4; lastKnownFileType = sourcecode.c.objc; path = StickerCell.m; sourceTree = "<group>"; };
		77F9FE671ECFA9D400E92BF7 /* StickerCell.xib */ = {isa = PBXFileReference; fileEncoding = 4; lastKnownFileType = file.xib; path = StickerCell.xib; sourceTree = "<group>"; };
		77F9FE6A1ED0530300E92BF7 /* EAAlertView.h */ = {isa = PBXFileReference; fileEncoding = 4; lastKnownFileType = sourcecode.c.h; path = EAAlertView.h; sourceTree = "<group>"; };
		77F9FE6B1ED0530300E92BF7 /* EAAlertView.m */ = {isa = PBXFileReference; fileEncoding = 4; lastKnownFileType = sourcecode.c.objc; path = EAAlertView.m; sourceTree = "<group>"; };
		77F9FE6F1ED05D8400E92BF7 /* HomeController.h */ = {isa = PBXFileReference; fileEncoding = 4; lastKnownFileType = sourcecode.c.h; path = HomeController.h; sourceTree = "<group>"; };
		77F9FE701ED05D8400E92BF7 /* HomeController.m */ = {isa = PBXFileReference; fileEncoding = 4; lastKnownFileType = sourcecode.c.objc; path = HomeController.m; sourceTree = "<group>"; };
		77F9FE871ED19B7600E92BF7 /* SliderCell.h */ = {isa = PBXFileReference; fileEncoding = 4; lastKnownFileType = sourcecode.c.h; path = SliderCell.h; sourceTree = "<group>"; };
		77F9FE881ED19B7600E92BF7 /* SliderCell.m */ = {isa = PBXFileReference; fileEncoding = 4; lastKnownFileType = sourcecode.c.objc; path = SliderCell.m; sourceTree = "<group>"; };
		77F9FE891ED19B7600E92BF7 /* SliderCell.xib */ = {isa = PBXFileReference; fileEncoding = 4; lastKnownFileType = file.xib; path = SliderCell.xib; sourceTree = "<group>"; };
		84407D3B85196B6F0BF657EC /* Pods-SelfieTests.debug.xcconfig */ = {isa = PBXFileReference; includeInIndex = 1; lastKnownFileType = text.xcconfig; name = "Pods-SelfieTests.debug.xcconfig"; path = "Pods/Target Support Files/Pods-SelfieTests/Pods-SelfieTests.debug.xcconfig"; sourceTree = "<group>"; };
		D4B4CD0D2936AA508BB4AAB9 /* Pods-Selfie.release.xcconfig */ = {isa = PBXFileReference; includeInIndex = 1; lastKnownFileType = text.xcconfig; name = "Pods-Selfie.release.xcconfig"; path = "Pods/Target Support Files/Pods-Selfie/Pods-Selfie.release.xcconfig"; sourceTree = "<group>"; };
		F40181F89C95A624E3D89FB3 /* Pods-Selfie me LDK.debug.xcconfig */ = {isa = PBXFileReference; includeInIndex = 1; lastKnownFileType = text.xcconfig; name = "Pods-Selfie me LDK.debug.xcconfig"; path = "Pods/Target Support Files/Pods-Selfie me LDK/Pods-Selfie me LDK.debug.xcconfig"; sourceTree = "<group>"; };
/* End PBXFileReference section */

/* Begin PBXFrameworksBuildPhase section */
		77F9FE311ECF525300E92BF7 /* Frameworks */ = {
			isa = PBXFrameworksBuildPhase;
			buildActionMask = 2147483647;
			files = (
				C00050FB31EE7DE8B2E337DD /* libPods-Selfie me LDK.a in Frameworks */,
			);
			runOnlyForDeploymentPostprocessing = 0;
		};
		77F9FE4A1ECF525300E92BF7 /* Frameworks */ = {
			isa = PBXFrameworksBuildPhase;
			buildActionMask = 2147483647;
			files = (
				5C2D309276B8FDBF75284E6B /* libPods-SelfieTests.a in Frameworks */,
				963984D85D19C3D5619C3FEC /* libPods-Selfie me LDKTests.a in Frameworks */,
			);
			runOnlyForDeploymentPostprocessing = 0;
		};
/* End PBXFrameworksBuildPhase section */

/* Begin PBXGroup section */
		63E937968F6052CC0D1F4B1E /* Frameworks */ = {
			isa = PBXGroup;
			children = (
				3C3B462E4891DB33D1D72190 /* libPods-Selfie.a */,
				6E990B5514CE0DE2D904ED01 /* libPods-SelfieTests.a */,
				174C5896384D7EC9F579830C /* libPods-Selfie me LDK.a */,
				2E8E6751105E0AF30A2B5A95 /* libPods-Selfie me LDKTests.a */,
			);
			name = Frameworks;
			sourceTree = "<group>";
		};
		7730C0B11ED1D29A00EDC04B /* JsonLoader */ = {
			isa = PBXGroup;
			children = (
				7730C0B21ED1D2B100EDC04B /* JsonLoader.h */,
				7730C0B31ED1D2B100EDC04B /* JsonLoader.m */,
			);
			name = JsonLoader;
			sourceTree = "<group>";
		};
		7730C0B71ED1DD7100EDC04B /* Search */ = {
			isa = PBXGroup;
			children = (
				7730C0B81ED1DD8E00EDC04B /* SearchController.h */,
				7730C0B91ED1DD8E00EDC04B /* SearchController.m */,
			);
			name = Search;
			sourceTree = "<group>";
		};
		7730C0C01ED2148300EDC04B /* Alert View */ = {
			isa = PBXGroup;
			children = (
				77F9FE6A1ED0530300E92BF7 /* EAAlertView.h */,
				77F9FE6B1ED0530300E92BF7 /* EAAlertView.m */,
			);
			name = "Alert View";
			sourceTree = "<group>";
		};
		7730C0C11ED214C300EDC04B /* Cells */ = {
			isa = PBXGroup;
			children = (
				7730C0BB1ED205E400EDC04B /* CandidateCell.h */,
				7730C0BC1ED205E400EDC04B /* CandidateCell.m */,
				7730C0BD1ED205E400EDC04B /* CandidateCell.xib */,
				77F9FE871ED19B7600E92BF7 /* SliderCell.h */,
				77F9FE881ED19B7600E92BF7 /* SliderCell.m */,
				77F9FE891ED19B7600E92BF7 /* SliderCell.xib */,
			);
			name = Cells;
			sourceTree = "<group>";
		};
		7730C0C21ED214F300EDC04B /* Controller */ = {
			isa = PBXGroup;
			children = (
				7774BEE81ED6004500C3101F /* Stickers Collection */,
				7730C0B71ED1DD7100EDC04B /* Search */,
				77F9FE6E1ED05D6200E92BF7 /* Home */,
				77F9FE5F1ECF535000E92BF7 /* Camera */,
			);
			name = Controller;
			sourceTree = "<group>";
		};
		7730C0C31ED214F900EDC04B /* Model */ = {
			isa = PBXGroup;
			children = (
				7730C0AE1ED1CB1900EDC04B /* CandidateModel.h */,
				7730C0AF1ED1CB1900EDC04B /* CandidateModel.m */,
			);
			name = Model;
			sourceTree = "<group>";
		};
		7730C0C41ED214FE00EDC04B /* View */ = {
			isa = PBXGroup;
			children = (
				7730C0C61ED2156600EDC04B /* Camera Stickers */,
				77F9FE401ECF525300E92BF7 /* Main.storyboard */,
				77F9FE451ECF525300E92BF7 /* LaunchScreen.storyboard */,
			);
			name = View;
			sourceTree = "<group>";
		};
		7730C0C51ED2152800EDC04B /* Cells */ = {
			isa = PBXGroup;
			children = (
				77F9FE651ECFA9D400E92BF7 /* StickerCell.h */,
				77F9FE661ECFA9D400E92BF7 /* StickerCell.m */,
				77F9FE671ECFA9D400E92BF7 /* StickerCell.xib */,
			);
			name = Cells;
			sourceTree = "<group>";
		};
		7730C0C61ED2156600EDC04B /* Camera Stickers */ = {
			isa = PBXGroup;
			children = (
				77F9FE601ECF6E3000E92BF7 /* CameraStickersView.h */,
				77F9FE611ECF6E3000E92BF7 /* CameraStickersView.m */,
				77F9FE631ECF6E3D00E92BF7 /* CameraStickersView.xib */,
				7774BEF01ED608BC00C3101F /* CameraCollectionStickers.h */,
				7774BEF11ED608BC00C3101F /* CameraCollectionStickers.m */,
				7774BEF31ED608CE00C3101F /* CameraCollectionStickers.xib */,
				7774BEF51ED60A2800C3101F /* CameraCollectionStikcerCell.h */,
				7774BEF61ED60A2800C3101F /* CameraCollectionStikcerCell.m */,
				7774BEF71ED60A2800C3101F /* CameraCollectionStikcerCell.xib */,
			);
			name = "Camera Stickers";
			sourceTree = "<group>";
		};
		7774BEE81ED6004500C3101F /* Stickers Collection */ = {
			isa = PBXGroup;
			children = (
				7774BEE91ED6008800C3101F /* StickersCollectionController.h */,
				7774BEEA1ED6008800C3101F /* StickersCollectionController.m */,
				7774BEEC1ED6011100C3101F /* StickerCollectionViewCell.h */,
				7774BEED1ED6011100C3101F /* StickerCollectionViewCell.m */,
			);
			name = "Stickers Collection";
			sourceTree = "<group>";
		};
		77F9FE2B1ECF525300E92BF7 = {
			isa = PBXGroup;
			children = (
				77F9FE361ECF525300E92BF7 /* Selfie */,
				77F9FE501ECF525300E92BF7 /* SelfieTests */,
				77F9FE351ECF525300E92BF7 /* Products */,
				8F3D59119A47B3425017F39C /* Pods */,
				63E937968F6052CC0D1F4B1E /* Frameworks */,
			);
			sourceTree = "<group>";
		};
		77F9FE351ECF525300E92BF7 /* Products */ = {
			isa = PBXGroup;
			children = (
				77F9FE341ECF525300E92BF7 /* Selfie me Hotin.app */,
				77F9FE4D1ECF525300E92BF7 /* Selfie me Hotin.xctest */,
			);
			name = Products;
			sourceTree = "<group>";
		};
		77F9FE361ECF525300E92BF7 /* Selfie */ = {
			isa = PBXGroup;
			children = (
				77F9FE3A1ECF525300E92BF7 /* AppDelegate.h */,
				77F9FE3B1ECF525300E92BF7 /* AppDelegate.m */,
				7730C0C31ED214F900EDC04B /* Model */,
				7730C0C41ED214FE00EDC04B /* View */,
				7730C0C21ED214F300EDC04B /* Controller */,
				77F9FE6D1ED05D4B00E92BF7 /* Utils */,
				77F9FE431ECF525300E92BF7 /* Assets.xcassets */,
				77F9FE481ECF525300E92BF7 /* Info.plist */,
				77F9FE371ECF525300E92BF7 /* Supporting Files */,
			);
			path = Selfie;
			sourceTree = "<group>";
		};
		77F9FE371ECF525300E92BF7 /* Supporting Files */ = {
			isa = PBXGroup;
			children = (
				7730C0B51ED1D4E000EDC04B /* candidates.json */,
				77F9FE381ECF525300E92BF7 /* main.m */,
			);
			name = "Supporting Files";
			sourceTree = "<group>";
		};
		77F9FE501ECF525300E92BF7 /* SelfieTests */ = {
			isa = PBXGroup;
			children = (
				77F9FE511ECF525300E92BF7 /* SelfieTests.m */,
				77F9FE531ECF525300E92BF7 /* Info.plist */,
			);
			path = SelfieTests;
			sourceTree = "<group>";
		};
		77F9FE5F1ECF535000E92BF7 /* Camera */ = {
			isa = PBXGroup;
			children = (
				7730C0C51ED2152800EDC04B /* Cells */,
				77F9FE5C1ECF52B500E92BF7 /* YCameraViewController.h */,
				77F9FE5D1ECF52B500E92BF7 /* YCameraViewController.m */,
			);
			name = Camera;
			sourceTree = "<group>";
		};
		77F9FE6D1ED05D4B00E92BF7 /* Utils */ = {
			isa = PBXGroup;
			children = (
				7730C0C01ED2148300EDC04B /* Alert View */,
				7730C0B11ED1D29A00EDC04B /* JsonLoader */,
			);
			name = Utils;
			sourceTree = "<group>";
		};
		77F9FE6E1ED05D6200E92BF7 /* Home */ = {
			isa = PBXGroup;
			children = (
				7730C0C11ED214C300EDC04B /* Cells */,
				77F9FE6F1ED05D8400E92BF7 /* HomeController.h */,
				77F9FE701ED05D8400E92BF7 /* HomeController.m */,
			);
			name = Home;
			sourceTree = "<group>";
		};
		8F3D59119A47B3425017F39C /* Pods */ = {
			isa = PBXGroup;
			children = (
				671E45BC988311D0F61314F2 /* Pods-Selfie.debug.xcconfig */,
				D4B4CD0D2936AA508BB4AAB9 /* Pods-Selfie.release.xcconfig */,
				84407D3B85196B6F0BF657EC /* Pods-SelfieTests.debug.xcconfig */,
				4C9BBFEB4BFBA67A0377D0F1 /* Pods-SelfieTests.release.xcconfig */,
				F40181F89C95A624E3D89FB3 /* Pods-Selfie me LDK.debug.xcconfig */,
				55A78F948F340F09239E5E7E /* Pods-Selfie me LDK.release.xcconfig */,
				27729A85058572A2532FCACA /* Pods-Selfie me LDKTests.debug.xcconfig */,
				6DB7E85CC302D6F98FDC1BEC /* Pods-Selfie me LDKTests.release.xcconfig */,
			);
			name = Pods;
			sourceTree = "<group>";
		};
/* End PBXGroup section */

/* Begin PBXNativeTarget section */
		77F9FE331ECF525300E92BF7 /* Selfie me Hotin */ = {
			isa = PBXNativeTarget;
			buildConfigurationList = 77F9FE561ECF525300E92BF7 /* Build configuration list for PBXNativeTarget "Selfie me Hotin" */;
			buildPhases = (
				37FC71010E8761B0CCA7B1B1 /* [CP] Check Pods Manifest.lock */,
				77F9FE301ECF525300E92BF7 /* Sources */,
				77F9FE311ECF525300E92BF7 /* Frameworks */,
				77F9FE321ECF525300E92BF7 /* Resources */,
				9FF144ED67D47DC5E9E32E63 /* [CP] Embed Pods Frameworks */,
				4280587EC81CCCC309EFE925 /* [CP] Copy Pods Resources */,
			);
			buildRules = (
			);
			dependencies = (
			);
			name = "Selfie me Hotin";
			productName = Selfie;
			productReference = 77F9FE341ECF525300E92BF7 /* Selfie me Hotin.app */;
			productType = "com.apple.product-type.application";
		};
		77F9FE4C1ECF525300E92BF7 /* Selfie me HotinTests */ = {
			isa = PBXNativeTarget;
			buildConfigurationList = 77F9FE591ECF525300E92BF7 /* Build configuration list for PBXNativeTarget "Selfie me HotinTests" */;
			buildPhases = (
				65BBB079914F647C4208E7C3 /* [CP] Check Pods Manifest.lock */,
				77F9FE491ECF525300E92BF7 /* Sources */,
				77F9FE4A1ECF525300E92BF7 /* Frameworks */,
				77F9FE4B1ECF525300E92BF7 /* Resources */,
				7313188099369841DFA8BFFC /* [CP] Embed Pods Frameworks */,
				E18C5534A0569A1798B861C5 /* [CP] Copy Pods Resources */,
			);
			buildRules = (
			);
			dependencies = (
				77F9FE4F1ECF525300E92BF7 /* PBXTargetDependency */,
			);
			name = "Selfie me HotinTests";
			productName = SelfieTests;
			productReference = 77F9FE4D1ECF525300E92BF7 /* Selfie me Hotin.xctest */;
			productType = "com.apple.product-type.bundle.unit-test";
		};
/* End PBXNativeTarget section */

/* Begin PBXProject section */
		77F9FE2C1ECF525300E92BF7 /* Project object */ = {
			isa = PBXProject;
			attributes = {
				LastUpgradeCheck = 0730;
				ORGANIZATIONNAME = "Egzon Arifi";
				TargetAttributes = {
					77F9FE331ECF525300E92BF7 = {
						CreatedOnToolsVersion = 7.3.1;
						DevelopmentTeam = A4L93BSQEG;
					};
					77F9FE4C1ECF525300E92BF7 = {
						CreatedOnToolsVersion = 7.3.1;
						TestTargetID = 77F9FE331ECF525300E92BF7;
					};
				};
			};
			buildConfigurationList = 77F9FE2F1ECF525300E92BF7 /* Build configuration list for PBXProject "Selfie me Hotin" */;
			compatibilityVersion = "Xcode 3.2";
			developmentRegion = English;
			hasScannedForEncodings = 0;
			knownRegions = (
				en,
				Base,
			);
			mainGroup = 77F9FE2B1ECF525300E92BF7;
			productRefGroup = 77F9FE351ECF525300E92BF7 /* Products */;
			projectDirPath = "";
			projectRoot = "";
			targets = (
				77F9FE331ECF525300E92BF7 /* Selfie me Hotin */,
				77F9FE4C1ECF525300E92BF7 /* Selfie me HotinTests */,
			);
		};
/* End PBXProject section */

/* Begin PBXResourcesBuildPhase section */
		77F9FE321ECF525300E92BF7 /* Resources */ = {
			isa = PBXResourcesBuildPhase;
			buildActionMask = 2147483647;
			files = (
				77F9FE8B1ED19B7600E92BF7 /* SliderCell.xib in Resources */,
				77F9FE471ECF525300E92BF7 /* LaunchScreen.storyboard in Resources */,
				77F9FE691ECFA9D400E92BF7 /* StickerCell.xib in Resources */,
				7730C0B61ED1D4E000EDC04B /* candidates.json in Resources */,
				77F9FE441ECF525300E92BF7 /* Assets.xcassets in Resources */,
				77F9FE421ECF525300E92BF7 /* Main.storyboard in Resources */,
				7774BEF91ED60A2800C3101F /* CameraCollectionStikcerCell.xib in Resources */,
				77F9FE641ECF6E3D00E92BF7 /* CameraStickersView.xib in Resources */,
				7730C0BF1ED205E400EDC04B /* CandidateCell.xib in Resources */,
				7774BEF41ED608CE00C3101F /* CameraCollectionStickers.xib in Resources */,
			);
			runOnlyForDeploymentPostprocessing = 0;
		};
		77F9FE4B1ECF525300E92BF7 /* Resources */ = {
			isa = PBXResourcesBuildPhase;
			buildActionMask = 2147483647;
			files = (
			);
			runOnlyForDeploymentPostprocessing = 0;
		};
/* End PBXResourcesBuildPhase section */

/* Begin PBXShellScriptBuildPhase section */
		37FC71010E8761B0CCA7B1B1 /* [CP] Check Pods Manifest.lock */ = {
			isa = PBXShellScriptBuildPhase;
			buildActionMask = 2147483647;
			files = (
			);
			inputPaths = (
			);
			name = "[CP] Check Pods Manifest.lock";
			outputPaths = (
			);
			runOnlyForDeploymentPostprocessing = 0;
			shellPath = /bin/sh;
			shellScript = "diff \"${PODS_ROOT}/../Podfile.lock\" \"${PODS_ROOT}/Manifest.lock\" > /dev/null\nif [ $? != 0 ] ; then\n    # print error to STDERR\n    echo \"error: The sandbox is not in sync with the Podfile.lock. Run 'pod install' or update your CocoaPods installation.\" >&2\n    exit 1\nfi\n";
			showEnvVarsInLog = 0;
		};
		4280587EC81CCCC309EFE925 /* [CP] Copy Pods Resources */ = {
			isa = PBXShellScriptBuildPhase;
			buildActionMask = 2147483647;
			files = (
			);
			inputPaths = (
			);
			name = "[CP] Copy Pods Resources";
			outputPaths = (
			);
			runOnlyForDeploymentPostprocessing = 0;
			shellPath = /bin/sh;
			shellScript = "\"${SRCROOT}/Pods/Target Support Files/Pods-Selfie me LDK/Pods-Selfie me LDK-resources.sh\"\n";
			showEnvVarsInLog = 0;
		};
		65BBB079914F647C4208E7C3 /* [CP] Check Pods Manifest.lock */ = {
			isa = PBXShellScriptBuildPhase;
			buildActionMask = 2147483647;
			files = (
			);
			inputPaths = (
			);
			name = "[CP] Check Pods Manifest.lock";
			outputPaths = (
			);
			runOnlyForDeploymentPostprocessing = 0;
			shellPath = /bin/sh;
			shellScript = "diff \"${PODS_ROOT}/../Podfile.lock\" \"${PODS_ROOT}/Manifest.lock\" > /dev/null\nif [ $? != 0 ] ; then\n    # print error to STDERR\n    echo \"error: The sandbox is not in sync with the Podfile.lock. Run 'pod install' or update your CocoaPods installation.\" >&2\n    exit 1\nfi\n";
			showEnvVarsInLog = 0;
		};
		7313188099369841DFA8BFFC /* [CP] Embed Pods Frameworks */ = {
			isa = PBXShellScriptBuildPhase;
			buildActionMask = 2147483647;
			files = (
			);
			inputPaths = (
			);
			name = "[CP] Embed Pods Frameworks";
			outputPaths = (
			);
			runOnlyForDeploymentPostprocessing = 0;
			shellPath = /bin/sh;
			shellScript = "\"${SRCROOT}/Pods/Target Support Files/Pods-Selfie me LDKTests/Pods-Selfie me LDKTests-frameworks.sh\"\n";
			showEnvVarsInLog = 0;
		};
		9FF144ED67D47DC5E9E32E63 /* [CP] Embed Pods Frameworks */ = {
			isa = PBXShellScriptBuildPhase;
			buildActionMask = 2147483647;
			files = (
			);
			inputPaths = (
			);
			name = "[CP] Embed Pods Frameworks";
			outputPaths = (
			);
			runOnlyForDeploymentPostprocessing = 0;
			shellPath = /bin/sh;
			shellScript = "\"${SRCROOT}/Pods/Target Support Files/Pods-Selfie me LDK/Pods-Selfie me LDK-frameworks.sh\"\n";
			showEnvVarsInLog = 0;
		};
		E18C5534A0569A1798B861C5 /* [CP] Copy Pods Resources */ = {
			isa = PBXShellScriptBuildPhase;
			buildActionMask = 2147483647;
			files = (
			);
			inputPaths = (
			);
			name = "[CP] Copy Pods Resources";
			outputPaths = (
			);
			runOnlyForDeploymentPostprocessing = 0;
			shellPath = /bin/sh;
			shellScript = "\"${SRCROOT}/Pods/Target Support Files/Pods-Selfie me LDKTests/Pods-Selfie me LDKTests-resources.sh\"\n";
			showEnvVarsInLog = 0;
		};
/* End PBXShellScriptBuildPhase section */

/* Begin PBXSourcesBuildPhase section */
		77F9FE301ECF525300E92BF7 /* Sources */ = {
			isa = PBXSourcesBuildPhase;
			buildActionMask = 2147483647;
			files = (
				77F9FE3C1ECF525300E92BF7 /* AppDelegate.m in Sources */,
				77F9FE711ED05D8400E92BF7 /* HomeController.m in Sources */,
				7774BEF81ED60A2800C3101F /* CameraCollectionStikcerCell.m in Sources */,
				7774BEEE1ED6011100C3101F /* StickerCollectionViewCell.m in Sources */,
				77F9FE6C1ED0530300E92BF7 /* EAAlertView.m in Sources */,
				7730C0B01ED1CB1900EDC04B /* CandidateModel.m in Sources */,
				7774BEF21ED608BC00C3101F /* CameraCollectionStickers.m in Sources */,
				7730C0B41ED1D2B100EDC04B /* JsonLoader.m in Sources */,
				77F9FE8A1ED19B7600E92BF7 /* SliderCell.m in Sources */,
				7774BEEB1ED6008800C3101F /* StickersCollectionController.m in Sources */,
				7730C0BE1ED205E400EDC04B /* CandidateCell.m in Sources */,
				77F9FE5E1ECF52B500E92BF7 /* YCameraViewController.m in Sources */,
				77F9FE681ECFA9D400E92BF7 /* StickerCell.m in Sources */,
				7730C0BA1ED1DD8E00EDC04B /* SearchController.m in Sources */,
				77F9FE391ECF525300E92BF7 /* main.m in Sources */,
				77F9FE621ECF6E3000E92BF7 /* CameraStickersView.m in Sources */,
			);
			runOnlyForDeploymentPostprocessing = 0;
		};
		77F9FE491ECF525300E92BF7 /* Sources */ = {
			isa = PBXSourcesBuildPhase;
			buildActionMask = 2147483647;
			files = (
				77F9FE521ECF525300E92BF7 /* SelfieTests.m in Sources */,
			);
			runOnlyForDeploymentPostprocessing = 0;
		};
/* End PBXSourcesBuildPhase section */

/* Begin PBXTargetDependency section */
		77F9FE4F1ECF525300E92BF7 /* PBXTargetDependency */ = {
			isa = PBXTargetDependency;
			target = 77F9FE331ECF525300E92BF7 /* Selfie me Hotin */;
			targetProxy = 77F9FE4E1ECF525300E92BF7 /* PBXContainerItemProxy */;
		};
/* End PBXTargetDependency section */

/* Begin PBXVariantGroup section */
		77F9FE401ECF525300E92BF7 /* Main.storyboard */ = {
			isa = PBXVariantGroup;
			children = (
				77F9FE411ECF525300E92BF7 /* Base */,
			);
			name = Main.storyboard;
			sourceTree = "<group>";
		};
		77F9FE451ECF525300E92BF7 /* LaunchScreen.storyboard */ = {
			isa = PBXVariantGroup;
			children = (
				77F9FE461ECF525300E92BF7 /* Base */,
			);
			name = LaunchScreen.storyboard;
			sourceTree = "<group>";
		};
/* End PBXVariantGroup section */

/* Begin XCBuildConfiguration section */
		77F9FE541ECF525300E92BF7 /* Debug */ = {
			isa = XCBuildConfiguration;
			buildSettings = {
				ALWAYS_SEARCH_USER_PATHS = NO;
				CLANG_ANALYZER_NONNULL = YES;
				CLANG_CXX_LANGUAGE_STANDARD = "gnu++0x";
				CLANG_CXX_LIBRARY = "libc++";
				CLANG_ENABLE_MODULES = YES;
				CLANG_ENABLE_OBJC_ARC = YES;
				CLANG_WARN_BOOL_CONVERSION = YES;
				CLANG_WARN_CONSTANT_CONVERSION = YES;
				CLANG_WARN_DIRECT_OBJC_ISA_USAGE = YES_ERROR;
				CLANG_WARN_EMPTY_BODY = YES;
				CLANG_WARN_ENUM_CONVERSION = YES;
				CLANG_WARN_INT_CONVERSION = YES;
				CLANG_WARN_OBJC_ROOT_CLASS = YES_ERROR;
				CLANG_WARN_UNREACHABLE_CODE = YES;
				CLANG_WARN__DUPLICATE_METHOD_MATCH = YES;
				"CODE_SIGN_IDENTITY[sdk=iphoneos*]" = "iPhone Developer";
				COPY_PHASE_STRIP = NO;
				DEBUG_INFORMATION_FORMAT = dwarf;
				ENABLE_STRICT_OBJC_MSGSEND = YES;
				ENABLE_TESTABILITY = YES;
				GCC_C_LANGUAGE_STANDARD = gnu99;
				GCC_DYNAMIC_NO_PIC = NO;
				GCC_NO_COMMON_BLOCKS = YES;
				GCC_OPTIMIZATION_LEVEL = 0;
				GCC_PREPROCESSOR_DEFINITIONS = (
					"DEBUG=1",
					"$(inherited)",
				);
				GCC_WARN_64_TO_32_BIT_CONVERSION = YES;
				GCC_WARN_ABOUT_RETURN_TYPE = YES_ERROR;
				GCC_WARN_UNDECLARED_SELECTOR = YES;
				GCC_WARN_UNINITIALIZED_AUTOS = YES_AGGRESSIVE;
				GCC_WARN_UNUSED_FUNCTION = YES;
				GCC_WARN_UNUSED_VARIABLE = YES;
				IPHONEOS_DEPLOYMENT_TARGET = 8.0;
				MTL_ENABLE_DEBUG_INFO = YES;
				ONLY_ACTIVE_ARCH = YES;
				SDKROOT = iphoneos;
			};
			name = Debug;
		};
		77F9FE551ECF525300E92BF7 /* Release */ = {
			isa = XCBuildConfiguration;
			buildSettings = {
				ALWAYS_SEARCH_USER_PATHS = NO;
				CLANG_ANALYZER_NONNULL = YES;
				CLANG_CXX_LANGUAGE_STANDARD = "gnu++0x";
				CLANG_CXX_LIBRARY = "libc++";
				CLANG_ENABLE_MODULES = YES;
				CLANG_ENABLE_OBJC_ARC = YES;
				CLANG_WARN_BOOL_CONVERSION = YES;
				CLANG_WARN_CONSTANT_CONVERSION = YES;
				CLANG_WARN_DIRECT_OBJC_ISA_USAGE = YES_ERROR;
				CLANG_WARN_EMPTY_BODY = YES;
				CLANG_WARN_ENUM_CONVERSION = YES;
				CLANG_WARN_INT_CONVERSION = YES;
				CLANG_WARN_OBJC_ROOT_CLASS = YES_ERROR;
				CLANG_WARN_UNREACHABLE_CODE = YES;
				CLANG_WARN__DUPLICATE_METHOD_MATCH = YES;
				"CODE_SIGN_IDENTITY[sdk=iphoneos*]" = "iPhone Developer";
				COPY_PHASE_STRIP = NO;
				DEBUG_INFORMATION_FORMAT = "dwarf-with-dsym";
				ENABLE_NS_ASSERTIONS = NO;
				ENABLE_STRICT_OBJC_MSGSEND = YES;
				GCC_C_LANGUAGE_STANDARD = gnu99;
				GCC_NO_COMMON_BLOCKS = YES;
				GCC_WARN_64_TO_32_BIT_CONVERSION = YES;
				GCC_WARN_ABOUT_RETURN_TYPE = YES_ERROR;
				GCC_WARN_UNDECLARED_SELECTOR = YES;
				GCC_WARN_UNINITIALIZED_AUTOS = YES_AGGRESSIVE;
				GCC_WARN_UNUSED_FUNCTION = YES;
				GCC_WARN_UNUSED_VARIABLE = YES;
				IPHONEOS_DEPLOYMENT_TARGET = 8.0;
				MTL_ENABLE_DEBUG_INFO = NO;
				SDKROOT = iphoneos;
				VALIDATE_PRODUCT = YES;
			};
			name = Release;
		};
		77F9FE571ECF525300E92BF7 /* Debug */ = {
			isa = XCBuildConfiguration;
			baseConfigurationReference = F40181F89C95A624E3D89FB3 /* Pods-Selfie me LDK.debug.xcconfig */;
			buildSettings = {
				ASSETCATALOG_COMPILER_APPICON_NAME = AppIcon;
				CODE_SIGN_IDENTITY = "iPhone Developer";
				ENABLE_BITCODE = NO;
				INFOPLIST_FILE = Selfie/Info.plist;
				IPHONEOS_DEPLOYMENT_TARGET = 8.0;
				LD_RUNPATH_SEARCH_PATHS = "$(inherited) @executable_path/Frameworks";
				PRODUCT_BUNDLE_IDENTIFIER = com.egzonarifi.selfieldk;
				PRODUCT_NAME = "Selfie me Hotin";
			};
			name = Debug;
		};
		77F9FE581ECF525300E92BF7 /* Release */ = {
			isa = XCBuildConfiguration;
			baseConfigurationReference = 55A78F948F340F09239E5E7E /* Pods-Selfie me LDK.release.xcconfig */;
			buildSettings = {
				ASSETCATALOG_COMPILER_APPICON_NAME = AppIcon;
				CODE_SIGN_IDENTITY = "iPhone Developer";
				ENABLE_BITCODE = NO;
				INFOPLIST_FILE = Selfie/Info.plist;
				IPHONEOS_DEPLOYMENT_TARGET = 8.0;
				LD_RUNPATH_SEARCH_PATHS = "$(inherited) @executable_path/Frameworks";
				PRODUCT_BUNDLE_IDENTIFIER = com.egzonarifi.selfieldk;
				PRODUCT_NAME = "Selfie me Hotin";
			};
			name = Release;
		};
		77F9FE5A1ECF525300E92BF7 /* Debug */ = {
			isa = XCBuildConfiguration;
			baseConfigurationReference = 27729A85058572A2532FCACA /* Pods-Selfie me LDKTests.debug.xcconfig */;
			buildSettings = {
				BUNDLE_LOADER = "$(TEST_HOST)";
				INFOPLIST_FILE = SelfieTests/Info.plist;
				LD_RUNPATH_SEARCH_PATHS = "$(inherited) @executable_path/Frameworks @loader_path/Frameworks";
				PRODUCT_BUNDLE_IDENTIFIER = com.egzonarifi.SelfieTests;
				PRODUCT_NAME = "Selfie me Hotin";
				TEST_HOST = "$(BUILT_PRODUCTS_DIR)/Selfie me Hotin.app/Selfie me Hotin";
			};
			name = Debug;
		};
		77F9FE5B1ECF525300E92BF7 /* Release */ = {
			isa = XCBuildConfiguration;
			baseConfigurationReference = 6DB7E85CC302D6F98FDC1BEC /* Pods-Selfie me LDKTests.release.xcconfig */;
			buildSettings = {
				BUNDLE_LOADER = "$(TEST_HOST)";
				INFOPLIST_FILE = SelfieTests/Info.plist;
				LD_RUNPATH_SEARCH_PATHS = "$(inherited) @executable_path/Frameworks @loader_path/Frameworks";
				PRODUCT_BUNDLE_IDENTIFIER = com.egzonarifi.SelfieTests;
				PRODUCT_NAME = "Selfie me Hotin";
				TEST_HOST = "$(BUILT_PRODUCTS_DIR)/Selfie me Hotin.app/Selfie me Hotin";
			};
			name = Release;
		};
/* End XCBuildConfiguration section */

/* Begin XCConfigurationList section */
		77F9FE2F1ECF525300E92BF7 /* Build configuration list for PBXProject "Selfie me Hotin" */ = {
			isa = XCConfigurationList;
			buildConfigurations = (
				77F9FE541ECF525300E92BF7 /* Debug */,
				77F9FE551ECF525300E92BF7 /* Release */,
			);
			defaultConfigurationIsVisible = 0;
			defaultConfigurationName = Release;
		};
		77F9FE561ECF525300E92BF7 /* Build configuration list for PBXNativeTarget "Selfie me Hotin" */ = {
			isa = XCConfigurationList;
			buildConfigurations = (
				77F9FE571ECF525300E92BF7 /* Debug */,
				77F9FE581ECF525300E92BF7 /* Release */,
			);
			defaultConfigurationIsVisible = 0;
			defaultConfigurationName = Release;
		};
		77F9FE591ECF525300E92BF7 /* Build configuration list for PBXNativeTarget "Selfie me HotinTests" */ = {
			isa = XCConfigurationList;
			buildConfigurations = (
				77F9FE5A1ECF525300E92BF7 /* Debug */,
				77F9FE5B1ECF525300E92BF7 /* Release */,
			);
			defaultConfigurationIsVisible = 0;
			defaultConfigurationName = Release;
		};
/* End XCConfigurationList section */
	};
	rootObject = 77F9FE2C1ECF525300E92BF7 /* Project object */;
}
